
Microsoft Visual Studio Solution File, Format Version 12.00
# Visual Studio Version 16
VisualStudioVersion = 16.0.30611.23
MinimumVisualStudioVersion = 10.0.40219.1
Project("{8BC9CEB8-8B4A-11D0-8D11-00A0C91BC942}") = "lab6_1", "lab6_1.vcxproj", "{89901D41-DADC-40EB-8672-608E6D0813A7}"
EndProject
Global
	GlobalSection(SolutionConfigurationPlatforms) = preSolution
		Debug|x64 = Debug|x64
		Debug|x86 = Debug|x86
		Release|x64 = Release|x64
		Release|x86 = Release|x86
	EndGlobalSection
	GlobalSection(ProjectConfigurationPlatforms) = postSolution
		{89901D41-DADC-40EB-8672-608E6D0813A7}.Debug|x64.ActiveCfg = Debug|x64
		{89901D41-DADC-40EB-8672-608E6D0813A7}.Debug|x64.Build.0 = Debug|x64
		{89901D41-DADC-40EB-8672-608E6D0813A7}.Debug|x86.ActiveCfg = Debug|Win32
		{89901D41-DADC-40EB-8672-608E6D0813A7}.Debug|x86.Build.0 = Debug|Win32
		{89901D41-DADC-40EB-8672-608E6D0813A7}.Release|x64.ActiveCfg = Release|x64
		{89901D41-DADC-40EB-8672-608E6D0813A7}.Release|x64.Build.0 = Release|x64
		{89901D41-DADC-40EB-8672-608E6D0813A7}.Release|x86.ActiveCfg = Release|Win32
		{89901D41-DADC-40EB-8672-608E6D0813A7}.Release|x86.Build.0 = Release|Win32
	EndGlobalSection
	GlobalSection(SolutionProperties) = preSolution
		HideSolutionNode = FALSE
	EndGlobalSection
	GlobalSection(ExtensibilityGlobals) = postSolution
		SolutionGuid = {70762A8F-92FF-4CE7-A7EF-1AED6E0E4938}
	EndGlobalSection
EndGlobal
